// !$*UTF8*$!
{
	archiveVersion = 1;
	classes = {
	};
	objectVersion = 46;
	objects = {

/* Begin PBXBuildFile section */
		1E228C2A1CABBEFB00587A8A /* main.m in Sources */ = {isa = PBXBuildFile; fileRef = 1E228C291CABBEFB00587A8A /* main.m */; };
		1E228C2D1CABBEFB00587A8A /* AppDelegate.m in Sources */ = {isa = PBXBuildFile; fileRef = 1E228C2C1CABBEFB00587A8A /* AppDelegate.m */; };
		1E228C301CABBEFB00587A8A /* ViewController.m in Sources */ = {isa = PBXBuildFile; fileRef = 1E228C2F1CABBEFB00587A8A /* ViewController.m */; };
		1E228C331CABBEFB00587A8A /* Main.storyboard in Resources */ = {isa = PBXBuildFile; fileRef = 1E228C311CABBEFB00587A8A /* Main.storyboard */; };
		1E228C351CABBEFB00587A8A /* Assets.xcassets in Resources */ = {isa = PBXBuildFile; fileRef = 1E228C341CABBEFB00587A8A /* Assets.xcassets */; };
		1E228C381CABBEFB00587A8A /* LaunchScreen.storyboard in Resources */ = {isa = PBXBuildFile; fileRef = 1E228C361CABBEFB00587A8A /* LaunchScreen.storyboard */; };
		1E228C431CABBFE000587A8A /* SDDrawerViewController.m in Sources */ = {isa = PBXBuildFile; fileRef = 1E228C411CABBFE000587A8A /* SDDrawerViewController.m */; };
		1E228C441CABBFE000587A8A /* SDDrawerViewController.xib in Resources */ = {isa = PBXBuildFile; fileRef = 1E228C421CABBFE000587A8A /* SDDrawerViewController.xib */; };
		1E228C461CABDB9100587A8A /* greateBG.png in Resources */ = {isa = PBXBuildFile; fileRef = 1E228C451CABDB9000587A8A /* greateBG.png */; };
/* End PBXBuildFile section */

/* Begin PBXFileReference section */
		1E228C251CABBEFA00587A8A /* SDDrawer.app */ = {isa = PBXFileReference; explicitFileType = wrapper.application; includeInIndex = 0; path = SDDrawer.app; sourceTree = BUILT_PRODUCTS_DIR; };
		1E228C291CABBEFB00587A8A /* main.m */ = {isa = PBXFileReference; lastKnownFileType = sourcecode.c.objc; path = main.m; sourceTree = "<group>"; };
		1E228C2B1CABBEFB00587A8A /* AppDelegate.h */ = {isa = PBXFileReference; lastKnownFileType = sourcecode.c.h; path = AppDelegate.h; sourceTree = "<group>"; };
		1E228C2C1CABBEFB00587A8A /* AppDelegate.m */ = {isa = PBXFileReference; lastKnownFileType = sourcecode.c.objc; path = AppDelegate.m; sourceTree = "<group>"; };
		1E228C2E1CABBEFB00587A8A /* ViewController.h */ = {isa = PBXFileReference; lastKnownFileType = sourcecode.c.h; path = ViewController.h; sourceTree = "<group>"; };
		1E228C2F1CABBEFB00587A8A /* ViewController.m */ = {isa = PBXFileReference; lastKnownFileType = sourcecode.c.objc; path = ViewController.m; sourceTree = "<group>"; };
		1E228C321CABBEFB00587A8A /* Base */ = {isa = PBXFileReference; lastKnownFileType = file.storyboard; name = Base; path = Base.lproj/Main.storyboard; sourceTree = "<group>"; };
		1E228C341CABBEFB00587A8A /* Assets.xcassets */ = {isa = PBXFileReference; lastKnownFileType = folder.assetcatalog; path = Assets.xcassets; sourceTree = "<group>"; };
		1E228C371CABBEFB00587A8A /* Base */ = {isa = PBXFileReference; lastKnownFileType = file.storyboard; name = Base; path = Base.lproj/LaunchScreen.storyboard; sourceTree = "<group>"; };
		1E228C391CABBEFB00587A8A /* Info.plist */ = {isa = PBXFileReference; lastKnownFileType = text.plist.xml; path = Info.plist; sourceTree = "<group>"; };
		1E228C401CABBFE000587A8A /* SDDrawerViewController.h */ = {isa = PBXFileReference; fileEncoding = 4; lastKnownFileType = sourcecode.c.h; path = SDDrawerViewController.h; sourceTree = "<group>"; };
		1E228C411CABBFE000587A8A /* SDDrawerViewController.m */ = {isa = PBXFileReference; fileEncoding = 4; lastKnownFileType = sourcecode.c.objc; path = SDDrawerViewController.m; sourceTree = "<group>"; };
		1E228C421CABBFE000587A8A /* SDDrawerViewController.xib */ = {isa = PBXFileReference; fileEncoding = 4; lastKnownFileType = file.xib; path = SDDrawerViewController.xib; sourceTree = "<group>"; };
		1E228C451CABDB9000587A8A /* greateBG.png */ = {isa = PBXFileReference; lastKnownFileType = image.png; path = greateBG.png; sourceTree = "<group>"; };
/* End PBXFileReference section */

/* Begin PBXFrameworksBuildPhase section */
		1E228C221CABBEFA00587A8A /* Frameworks */ = {
			isa = PBXFrameworksBuildPhase;
			buildActionMask = 2147483647;
			files = (
			);
			runOnlyForDeploymentPostprocessing = 0;
		};
/* End PBXFrameworksBuildPhase section */

/* Begin PBXGroup section */
		1E228C1C1CABBEFA00587A8A = {
			isa = PBXGroup;
			children = (
				1E228C271CABBEFB00587A8A /* SDDrawer */,
				1E228C261CABBEFA00587A8A /* Products */,
			);
			sourceTree = "<group>";
		};
		1E228C261CABBEFA00587A8A /* Products */ = {
			isa = PBXGroup;
			children = (
				1E228C251CABBEFA00587A8A /* SDDrawer.app */,
			);
			name = Products;
			sourceTree = "<group>";
		};
		1E228C271CABBEFB00587A8A /* SDDrawer */ = {
			isa = PBXGroup;
			children = (
				1E228C451CABDB9000587A8A /* greateBG.png */,
				1E228C3F1CABBFB900587A8A /* SDDrawerViewController */,
				1E228C2B1CABBEFB00587A8A /* AppDelegate.h */,
				1E228C2C1CABBEFB00587A8A /* AppDelegate.m */,
				1E228C2E1CABBEFB00587A8A /* ViewController.h */,
				1E228C2F1CABBEFB00587A8A /* ViewController.m */,
				1E228C311CABBEFB00587A8A /* Main.storyboard */,
				1E228C341CABBEFB00587A8A /* Assets.xcassets */,
				1E228C361CABBEFB00587A8A /* LaunchScreen.storyboard */,
				1E228C391CABBEFB00587A8A /* Info.plist */,
				1E228C281CABBEFB00587A8A /* Supporting Files */,
			);
			path = SDDrawer;
			sourceTree = "<group>";
		};
		1E228C281CABBEFB00587A8A /* Supporting Files */ = {
			isa = PBXGroup;
			children = (
				1E228C291CABBEFB00587A8A /* main.m */,
			);
			name = "Supporting Files";
			sourceTree = "<group>";
		};
		1E228C3F1CABBFB900587A8A /* SDDrawerViewController */ = {
			isa = PBXGroup;
			children = (
				1E228C401CABBFE000587A8A /* SDDrawerViewController.h */,
				1E228C411CABBFE000587A8A /* SDDrawerViewController.m */,
				1E228C421CABBFE000587A8A /* SDDrawerViewController.xib */,
			);
			path = SDDrawerViewController;
			sourceTree = "<group>";
		};
/* End PBXGroup section */

/* Begin PBXNativeTarget section */
		1E228C241CABBEFA00587A8A /* SDDrawer */ = {
			isa = PBXNativeTarget;
			buildConfigurationList = 1E228C3C1CABBEFB00587A8A /* Build configuration list for PBXNativeTarget "SDDrawer" */;
			buildPhases = (
				1E228C211CABBEFA00587A8A /* Sources */,
				1E228C221CABBEFA00587A8A /* Frameworks */,
				1E228C231CABBEFA00587A8A /* Resources */,
			);
			buildRules = (
			);
			dependencies = (
			);
			name = SDDrawer;
			productName = SDDrawer;
			productReference = 1E228C251CABBEFA00587A8A /* SDDrawer.app */;
			productType = "com.apple.product-type.application";
		};
/* End PBXNativeTarget section */

/* Begin PBXProject section */
		1E228C1D1CABBEFA00587A8A /* Project object */ = {
			isa = PBXProject;
			attributes = {
				LastUpgradeCheck = 0730;
				ORGANIZATIONNAME = StarDust;
				TargetAttributes = {
					1E228C241CABBEFA00587A8A = {
						CreatedOnToolsVersion = 7.3;
						DevelopmentTeam = 2238X75DVG;
					};
				};
			};
			buildConfigurationList = 1E228C201CABBEFA00587A8A /* Build configuration list for PBXProject "SDDrawer" */;
			compatibilityVersion = "Xcode 3.2";
			developmentRegion = English;
			hasScannedForEncodings = 0;
			knownRegions = (
				en,
				Base,
			);
			mainGroup = 1E228C1C1CABBEFA00587A8A;
			productRefGroup = 1E228C261CABBEFA00587A8A /* Products */;
			projectDirPath = "";
			projectRoot = "";
			targets = (
				1E228C241CABBEFA00587A8A /* SDDrawer */,
			);
		};
/* End PBXProject section */

/* Begin PBXResourcesBuildPhase section */
		1E228C231CABBEFA00587A8A /* Resources */ = {
			isa = PBXResourcesBuildPhase;
			buildActionMask = 2147483647;
			files = (
				1E228C381CABBEFB00587A8A /* LaunchScreen.storyboard in Resources */,
				1E228C351CABBEFB00587A8A /* Assets.xcassets in Resources */,
				1E228C461CABDB9100587A8A /* greateBG.png in Resources */,
				1E228C441CABBFE000587A8A /* SDDrawerViewController.xib in Resources */,
				1E228C331CABBEFB00587A8A /* Main.storyboard in Resources */,
			);
			runOnlyForDeploymentPostprocessing = 0;
		};
/* End PBXResourcesBuildPhase section */

/* Begin PBXSourcesBuildPhase section */
		1E228C211CABBEFA00587A8A /* Sources */ = {
			isa = PBXSourcesBuildPhase;
			buildActionMask = 2147483647;
			files = (
				1E228C301CABBEFB00587A8A /* ViewController.m in Sources */,
				1E228C2D1CABBEFB00587A8A /* AppDelegate.m in Sources */,
				1E228C431CABBFE000587A8A /* SDDrawerViewController.m in Sources */,
				1E228C2A1CABBEFB00587A8A /* main.m in Sources */,
			);
			runOnlyForDeploymentPostprocessing = 0;
		};
/* End PBXSourcesBuildPhase section */

/* Begin PBXVariantGroup section */
		1E228C311CABBEFB00587A8A /* Main.storyboard */ = {
			isa = PBXVariantGroup;
			children = (
				1E228C321CABBEFB00587A8A /* Base */,
			);
			name = Main.storyboard;
			sourceTree = "<group>";
		};
		1E228C361CABBEFB00587A8A /* LaunchScreen.storyboard */ = {
			isa = PBXVariantGroup;
			children = (
				1E228C371CABBEFB00587A8A /* Base */,
			);
			name = LaunchScreen.storyboard;
			sourceTree = "<group>";
		};
/* End PBXVariantGroup section */

/* Begin XCBuildConfiguration section */
		1E228C3A1CABBEFB00587A8A /* Debug */ = {
			isa = XCBuildConfiguration;
			buildSettings = {
				ALWAYS_SEARCH_USER_PATHS = NO;
				CLANG_ANALYZER_NONNULL = YES;
				CLANG_CXX_LANGUAGE_STANDARD = "gnu++0x";
				CLANG_CXX_LIBRARY = "libc++";
				CLANG_ENABLE_MODULES = YES;
				CLANG_ENABLE_OBJC_ARC = YES;
				CLANG_WARN_BOOL_CONVERSION = YES;
				CLANG_WARN_CONSTANT_CONVERSION = YES;
				CLANG_WARN_DIRECT_OBJC_ISA_USAGE = YES_ERROR;
				CLANG_WARN_EMPTY_BODY = YES;
				CLANG_WARN_ENUM_CONVERSION = YES;
				CLANG_WARN_INT_CONVERSION = YES;
				CLANG_WARN_OBJC_ROOT_CLASS = YES_ERROR;
				CLANG_WARN_UNREACHABLE_CODE = YES;
				CLANG_WARN__DUPLICATE_METHOD_MATCH = YES;
				"CODE_SIGN_IDENTITY[sdk=iphoneos*]" = "iPhone Developer";
				COPY_PHASE_STRIP = NO;
				DEBUG_INFORMATION_FORMAT = dwarf;
				ENABLE_STRICT_OBJC_MSGSEND = YES;
				ENABLE_TESTABILITY = YES;
				GCC_C_LANGUAGE_STANDARD = gnu99;
				GCC_DYNAMIC_NO_PIC = NO;
				GCC_NO_COMMON_BLOCKS = YES;
				GCC_OPTIMIZATION_LEVEL = 0;
				GCC_PREPROCESSOR_DEFINITIONS = (
					"DEBUG=1",
					"$(inherited)",
				);
				GCC_WARN_64_TO_32_BIT_CONVERSION = YES;
				GCC_WARN_ABOUT_RETURN_TYPE = YES_ERROR;
				GCC_WARN_UNDECLARED_SELECTOR = YES;
				GCC_WARN_UNINITIALIZED_AUTOS = YES_AGGRESSIVE;
				GCC_WARN_UNUSED_FUNCTION = YES;
				GCC_WARN_UNUSED_VARIABLE = YES;
				IPHONEOS_DEPLOYMENT_TARGET = 9.3;
				MTL_ENABLE_DEBUG_INFO = YES;
				ONLY_ACTIVE_ARCH = YES;
				SDKROOT = iphoneos;
			};
			name = Debug;
		};
		1E228C3B1CABBEFB00587A8A /* Release */ = {
			isa = XCBuildConfiguration;
			buildSettings = {
				ALWAYS_SEARCH_USER_PATHS = NO;
				CLANG_ANALYZER_NONNULL = YES;
				CLANG_CXX_LANGUAGE_STANDARD = "gnu++0x";
				CLANG_CXX_LIBRARY = "libc++";
				CLANG_ENABLE_MODULES = YES;
				CLANG_ENABLE_OBJC_ARC = YES;
				CLANG_WARN_BOOL_CONVERSION = YES;
				CLANG_WARN_CONSTANT_CONVERSION = YES;
				CLANG_WARN_DIRECT_OBJC_ISA_USAGE = YES_ERROR;
				CLANG_WARN_EMPTY_BODY = YES;
				CLANG_WARN_ENUM_CONVERSION = YES;
				CLANG_WARN_INT_CONVERSION = YES;
				CLANG_WARN_OBJC_ROOT_CLASS = YES_ERROR;
				CLANG_WARN_UNREACHABLE_CODE = YES;
				CLANG_WARN__DUPLICATE_METHOD_MATCH = YES;
				"CODE_SIGN_IDENTITY[sdk=iphoneos*]" = "iPhone Developer";
				COPY_PHASE_STRIP = NO;
				DEBUG_INFORMATION_FORMAT = "dwarf-with-dsym";
				ENABLE_NS_ASSERTIONS = NO;
				ENABLE_STRICT_OBJC_MSGSEND = YES;
				GCC_C_LANGUAGE_STANDARD = gnu99;
				GCC_NO_COMMON_BLOCKS = YES;
				GCC_WARN_64_TO_32_BIT_CONVERSION = YES;
				GCC_WARN_ABOUT_RETURN_TYPE = YES_ERROR;
				GCC_WARN_UNDECLARED_SELECTOR = YES;
				GCC_WARN_UNINITIALIZED_AUTOS = YES_AGGRESSIVE;
				GCC_WARN_UNUSED_FUNCTION = YES;
				GCC_WARN_UNUSED_VARIABLE = YES;
				IPHONEOS_DEPLOYMENT_TARGET = 9.3;
				MTL_ENABLE_DEBUG_INFO = NO;
				SDKROOT = iphoneos;
				VALIDATE_PRODUCT = YES;
			};
			name = Release;
		};
		1E228C3D1CABBEFB00587A8A /* Debug */ = {
			isa = XCBuildConfiguration;
			buildSettings = {
				ASSETCATALOG_COMPILER_APPICON_NAME = AppIcon;
				CODE_SIGN_IDENTITY = "iPhone Developer";
				"CODE_SIGN_IDENTITY[sdk=iphoneos*]" = "iPhone Developer";
				INFOPLIST_FILE = SDDrawer/Info.plist;
				LD_RUNPATH_SEARCH_PATHS = "$(inherited) @executable_path/Frameworks";
				PRODUCT_BUNDLE_IDENTIFIER = com.stardust.SDDrawer;
				PRODUCT_NAME = "$(TARGET_NAME)";
				PROVISIONING_PROFILE = "";
			};
			name = Debug;
		};
		1E228C3E1CABBEFB00587A8A /* Release */ = {
			isa = XCBuildConfiguration;
			buildSettings = {
				ASSETCATALOG_COMPILER_APPICON_NAME = AppIcon;
				CODE_SIGN_IDENTITY = "iPhone Developer";
				"CODE_SIGN_IDENTITY[sdk=iphoneos*]" = "iPhone Developer";
				INFOPLIST_FILE = SDDrawer/Info.plist;
				LD_RUNPATH_SEARCH_PATHS = "$(inherited) @executable_path/Frameworks";
				PRODUCT_BUNDLE_IDENTIFIER = com.stardust.SDDrawer;
				PRODUCT_NAME = "$(TARGET_NAME)";
				PROVISIONING_PROFILE = "";
			};
			name = Release;
		};
/* End XCBuildConfiguration section */

/* Begin XCConfigurationList section */
		1E228C201CABBEFA00587A8A /* Build configuration list for PBXProject "SDDrawer" */ = {
			isa = XCConfigurationList;
			buildConfigurations = (
				1E228C3A1CABBEFB00587A8A /* Debug */,
				1E228C3B1CABBEFB00587A8A /* Release */,
			);
			defaultConfigurationIsVisible = 0;
			defaultConfigurationName = Release;
		};
		1E228C3C1CABBEFB00587A8A /* Build configuration list for PBXNativeTarget "SDDrawer" */ = {
			isa = XCConfigurationList;
			buildConfigurations = (
				1E228C3D1CABBEFB00587A8A /* Debug */,
				1E228C3E1CABBEFB00587A8A /* Release */,
			);
			defaultConfigurationIsVisible = 0;
		};
/* End XCConfigurationList section */
	};
	rootObject = 1E228C1D1CABBEFA00587A8A /* Project object */;
}
